
Microsoft Visual Studio Solution File, Format Version 12.00
# Visual Studio 14
VisualStudioVersion = 14.0.25123.0
MinimumVisualStudioVersion = 10.0.40219.1
Project("{FAE04EC0-301F-11D3-BF4B-00C04F79EFBC}") = "DicomViewer", "DicomViewer.csproj", "{818168A5-4514-40B7-8ACD-DE4D40B654B6}"
EndProject
Project("{FAE04EC0-301F-11D3-BF4B-00C04F79EFBC}") = "DicomWebViewer", "..\DicomWebViewer\DicomWebViewer.csproj", "{4F893EF4-87D7-4C7A-8286-200BED9B907E}"
EndProject
Global
	GlobalSection(SolutionConfigurationPlatforms) = preSolution
		Debug|Any CPU = Debug|Any CPU
		Release|Any CPU = Release|Any CPU
	EndGlobalSection
	GlobalSection(ProjectConfigurationPlatforms) = postSolution
		{818168A5-4514-40B7-8ACD-DE4D40B654B6}.Debug|Any CPU.ActiveCfg = Debug|Any CPU
		{818168A5-4514-40B7-8ACD-DE4D40B654B6}.Debug|Any CPU.Build.0 = Debug|Any CPU
		{818168A5-4514-40B7-8ACD-DE4D40B654B6}.Release|Any CPU.ActiveCfg = Release|Any CPU
		{818168A5-4514-40B7-8ACD-DE4D40B654B6}.Release|Any CPU.Build.0 = Release|Any CPU
		{4F893EF4-87D7-4C7A-8286-200BED9B907E}.Debug|Any CPU.ActiveCfg = Debug|Any CPU
		{4F893EF4-87D7-4C7A-8286-200BED9B907E}.Debug|Any CPU.Build.0 = Debug|Any CPU
		{4F893EF4-87D7-4C7A-8286-200BED9B907E}.Release|Any CPU.ActiveCfg = Release|Any CPU
		{4F893EF4-87D7-4C7A-8286-200BED9B907E}.Release|Any CPU.Build.0 = Release|Any CPU
	EndGlobalSection
	GlobalSection(SolutionProperties) = preSolution
		HideSolutionNode = FALSE
	EndGlobalSection
EndGlobal
